
Microsoft Visual Studio Solution File, Format Version 12.00
# Visual Studio Version 16
VisualStudioVersion = 16.0.30804.86
MinimumVisualStudioVersion = 10.0.40219.1
Project("{FAE04EC0-301F-11D3-BF4B-00C04F79EFBC}") = "ExpenseControl", "ExpenseControl\ExpenseControl.csproj", "{1DF594C9-A858-4EA6-97F0-16F4478A58F9}"
EndProject
Global
	GlobalSection(SolutionConfigurationPlatforms) = preSolution
		Debug|Any CPU = Debug|Any CPU
		Release|Any CPU = Release|Any CPU
	EndGlobalSection
	GlobalSection(ProjectConfigurationPlatforms) = postSolution
		{1DF594C9-A858-4EA6-97F0-16F4478A58F9}.Debug|Any CPU.ActiveCfg = Debug|Any CPU
		{1DF594C9-A858-4EA6-97F0-16F4478A58F9}.Debug|Any CPU.Build.0 = Debug|Any CPU
		{1DF594C9-A858-4EA6-97F0-16F4478A58F9}.Release|Any CPU.ActiveCfg = Release|Any CPU
		{1DF594C9-A858-4EA6-97F0-16F4478A58F9}.Release|Any CPU.Build.0 = Release|Any CPU
	EndGlobalSection
	GlobalSection(SolutionProperties) = preSolution
		HideSolutionNode = FALSE
	EndGlobalSection
	GlobalSection(ExtensibilityGlobals) = postSolution
		SolutionGuid = {D3248304-C563-4F7A-8C77-610CC20216A6}
	EndGlobalSection
EndGlobal
